
Microsoft Visual Studio Solution File, Format Version 12.00
# Visual Studio Version 16
VisualStudioVersion = 16.0.30611.23
MinimumVisualStudioVersion = 10.0.40219.1
Project("{FAE04EC0-301F-11D3-BF4B-00C04F79EFBC}") = "AwesomeApp.Android", "AwesomeApp.Android\AwesomeApp.Android.csproj", "{C374013A-6BD4-4EFA-928A-B0EFFD27D3E3}"
EndProject
Project("{FAE04EC0-301F-11D3-BF4B-00C04F79EFBC}") = "AwesomeApp.iOS", "AwesomeApp.iOS\AwesomeApp.iOS.csproj", "{DD0CDD00-E80B-4835-ADE5-8DD782F42C8F}"
EndProject
Project("{FAE04EC0-301F-11D3-BF4B-00C04F79EFBC}") = "AwesomeApp", "AwesomeApp\AwesomeApp.csproj", "{E4D61A64-95A8-4EB8-B0C6-383064E09ECA}"
EndProject
Global
	GlobalSection(SolutionConfigurationPlatforms) = preSolution
		Debug|Any CPU = Debug|Any CPU
		Debug|iPhone = Debug|iPhone
		Debug|iPhoneSimulator = Debug|iPhoneSimulator
		Release|Any CPU = Release|Any CPU
		Release|iPhone = Release|iPhone
		Release|iPhoneSimulator = Release|iPhoneSimulator
	EndGlobalSection
	GlobalSection(ProjectConfigurationPlatforms) = postSolution
		{C374013A-6BD4-4EFA-928A-B0EFFD27D3E3}.Debug|Any CPU.ActiveCfg = Debug|Any CPU
		{C374013A-6BD4-4EFA-928A-B0EFFD27D3E3}.Debug|Any CPU.Build.0 = Debug|Any CPU
		{C374013A-6BD4-4EFA-928A-B0EFFD27D3E3}.Debug|Any CPU.Deploy.0 = Debug|Any CPU
		{C374013A-6BD4-4EFA-928A-B0EFFD27D3E3}.Debug|iPhone.ActiveCfg = Debug|Any CPU
		{C374013A-6BD4-4EFA-928A-B0EFFD27D3E3}.Debug|iPhone.Build.0 = Debug|Any CPU
		{C374013A-6BD4-4EFA-928A-B0EFFD27D3E3}.Debug|iPhone.Deploy.0 = Debug|Any CPU
		{C374013A-6BD4-4EFA-928A-B0EFFD27D3E3}.Debug|iPhoneSimulator.ActiveCfg = Debug|Any CPU
		{C374013A-6BD4-4EFA-928A-B0EFFD27D3E3}.Debug|iPhoneSimulator.Build.0 = Debug|Any CPU
		{C374013A-6BD4-4EFA-928A-B0EFFD27D3E3}.Debug|iPhoneSimulator.Deploy.0 = Debug|Any CPU
		{C374013A-6BD4-4EFA-928A-B0EFFD27D3E3}.Release|Any CPU.ActiveCfg = Release|Any CPU
		{C374013A-6BD4-4EFA-928A-B0EFFD27D3E3}.Release|Any CPU.Build.0 = Release|Any CPU
		{C374013A-6BD4-4EFA-928A-B0EFFD27D3E3}.Release|Any CPU.Deploy.0 = Release|Any CPU
		{C374013A-6BD4-4EFA-928A-B0EFFD27D3E3}.Release|iPhone.ActiveCfg = Release|Any CPU
		{C374013A-6BD4-4EFA-928A-B0EFFD27D3E3}.Release|iPhone.Build.0 = Release|Any CPU
		{C374013A-6BD4-4EFA-928A-B0EFFD27D3E3}.Release|iPhone.Deploy.0 = Release|Any CPU
		{C374013A-6BD4-4EFA-928A-B0EFFD27D3E3}.Release|iPhoneSimulator.ActiveCfg = Release|Any CPU
		{C374013A-6BD4-4EFA-928A-B0EFFD27D3E3}.Release|iPhoneSimulator.Build.0 = Release|Any CPU
		{C374013A-6BD4-4EFA-928A-B0EFFD27D3E3}.Release|iPhoneSimulator.Deploy.0 = Release|Any CPU
		{DD0CDD00-E80B-4835-ADE5-8DD782F42C8F}.Debug|Any CPU.ActiveCfg = Debug|iPhone
		{DD0CDD00-E80B-4835-ADE5-8DD782F42C8F}.Debug|Any CPU.Build.0 = Debug|iPhone
		{DD0CDD00-E80B-4835-ADE5-8DD782F42C8F}.Debug|Any CPU.Deploy.0 = Debug|iPhone
		{DD0CDD00-E80B-4835-ADE5-8DD782F42C8F}.Debug|iPhone.ActiveCfg = Debug|iPhone
		{DD0CDD00-E80B-4835-ADE5-8DD782F42C8F}.Debug|iPhone.Build.0 = Debug|iPhone
		{DD0CDD00-E80B-4835-ADE5-8DD782F42C8F}.Debug|iPhone.Deploy.0 = Debug|iPhone
		{DD0CDD00-E80B-4835-ADE5-8DD782F42C8F}.Debug|iPhoneSimulator.ActiveCfg = Debug|iPhoneSimulator
		{DD0CDD00-E80B-4835-ADE5-8DD782F42C8F}.Debug|iPhoneSimulator.Build.0 = Debug|iPhoneSimulator
		{DD0CDD00-E80B-4835-ADE5-8DD782F42C8F}.Debug|iPhoneSimulator.Deploy.0 = Debug|iPhoneSimulator
		{DD0CDD00-E80B-4835-ADE5-8DD782F42C8F}.Release|Any CPU.ActiveCfg = Release|iPhoneSimulator
		{DD0CDD00-E80B-4835-ADE5-8DD782F42C8F}.Release|Any CPU.Build.0 = Release|iPhoneSimulator
		{DD0CDD00-E80B-4835-ADE5-8DD782F42C8F}.Release|Any CPU.Deploy.0 = Release|iPhoneSimulator
		{DD0CDD00-E80B-4835-ADE5-8DD782F42C8F}.Release|iPhone.ActiveCfg = Release|iPhone
		{DD0CDD00-E80B-4835-ADE5-8DD782F42C8F}.Release|iPhone.Build.0 = Release|iPhone
		{DD0CDD00-E80B-4835-ADE5-8DD782F42C8F}.Release|iPhone.Deploy.0 = Release|iPhone
		{DD0CDD00-E80B-4835-ADE5-8DD782F42C8F}.Release|iPhoneSimulator.ActiveCfg = Release|iPhoneSimulator
		{DD0CDD00-E80B-4835-ADE5-8DD782F42C8F}.Release|iPhoneSimulator.Build.0 = Release|iPhoneSimulator
		{DD0CDD00-E80B-4835-ADE5-8DD782F42C8F}.Release|iPhoneSimulator.Deploy.0 = Release|iPhoneSimulator
		{E4D61A64-95A8-4EB8-B0C6-383064E09ECA}.Debug|Any CPU.ActiveCfg = Debug|Any CPU
		{E4D61A64-95A8-4EB8-B0C6-383064E09ECA}.Debug|Any CPU.Build.0 = Debug|Any CPU
		{E4D61A64-95A8-4EB8-B0C6-383064E09ECA}.Debug|Any CPU.Deploy.0 = Debug|Any CPU
		{E4D61A64-95A8-4EB8-B0C6-383064E09ECA}.Debug|iPhone.ActiveCfg = Debug|Any CPU
		{E4D61A64-95A8-4EB8-B0C6-383064E09ECA}.Debug|iPhone.Build.0 = Debug|Any CPU
		{E4D61A64-95A8-4EB8-B0C6-383064E09ECA}.Debug|iPhone.Deploy.0 = Debug|Any CPU
		{E4D61A64-95A8-4EB8-B0C6-383064E09ECA}.Debug|iPhoneSimulator.ActiveCfg = Debug|Any CPU
		{E4D61A64-95A8-4EB8-B0C6-383064E09ECA}.Debug|iPhoneSimulator.Build.0 = Debug|Any CPU
		{E4D61A64-95A8-4EB8-B0C6-383064E09ECA}.Debug|iPhoneSimulator.Deploy.0 = Debug|Any CPU
		{E4D61A64-95A8-4EB8-B0C6-383064E09ECA}.Release|Any CPU.ActiveCfg = Release|Any CPU
		{E4D61A64-95A8-4EB8-B0C6-383064E09ECA}.Release|Any CPU.Build.0 = Release|Any CPU
		{E4D61A64-95A8-4EB8-B0C6-383064E09ECA}.Release|Any CPU.Deploy.0 = Release|Any CPU
		{E4D61A64-95A8-4EB8-B0C6-383064E09ECA}.Release|iPhone.ActiveCfg = Release|Any CPU
		{E4D61A64-95A8-4EB8-B0C6-383064E09ECA}.Release|iPhone.Build.0 = Release|Any CPU
		{E4D61A64-95A8-4EB8-B0C6-383064E09ECA}.Release|iPhone.Deploy.0 = Release|Any CPU
		{E4D61A64-95A8-4EB8-B0C6-383064E09ECA}.Release|iPhoneSimulator.ActiveCfg = Release|Any CPU
		{E4D61A64-95A8-4EB8-B0C6-383064E09ECA}.Release|iPhoneSimulator.Build.0 = Release|Any CPU
		{E4D61A64-95A8-4EB8-B0C6-383064E09ECA}.Release|iPhoneSimulator.Deploy.0 = Release|Any CPU
	EndGlobalSection
	GlobalSection(SolutionProperties) = preSolution
		HideSolutionNode = FALSE
	EndGlobalSection
	GlobalSection(ExtensibilityGlobals) = postSolution
		SolutionGuid = {CE7D99F7-8F80-45A2-9188-ECF39263E3BE}
	EndGlobalSection
EndGlobal
